
Microsoft Visual Studio Solution File, Format Version 12.00
# Visual Studio 15
VisualStudioVersion = 15.0.27130.0
MinimumVisualStudioVersion = 10.0.40219.1
Project("{FAE04EC0-301F-11D3-BF4B-00C04F79EFBC}") = "FMLMiddleware", "FMLMiddleware\FMLMiddleware.csproj", "{63535ADD-918D-4462-B57F-EDE47146AF23}"
EndProject
Project("{FAE04EC0-301F-11D3-BF4B-00C04F79EFBC}") = "FMLMiddlewareTests", "FMLMiddlewareTests\FMLMiddlewareTests.csproj", "{C50258D4-B147-4DB9-A20B-71BDF2EEBECB}"
EndProject
Project("{FAE04EC0-301F-11D3-BF4B-00C04F79EFBC}") = "FMLMiddlewareWebTest", "FMLMiddlewareWebTest\FMLMiddlewareWebTest.csproj", "{B1B5C2FF-5F65-45EE-B766-50FE2DA166A9}"
EndProject
Global
	GlobalSection(SolutionConfigurationPlatforms) = preSolution
		Debug|Any CPU = Debug|Any CPU
		Release|Any CPU = Release|Any CPU
	EndGlobalSection
	GlobalSection(ProjectConfigurationPlatforms) = postSolution
		{63535ADD-918D-4462-B57F-EDE47146AF23}.Debug|Any CPU.ActiveCfg = Debug|Any CPU
		{63535ADD-918D-4462-B57F-EDE47146AF23}.Debug|Any CPU.Build.0 = Debug|Any CPU
		{63535ADD-918D-4462-B57F-EDE47146AF23}.Release|Any CPU.ActiveCfg = Release|Any CPU
		{63535ADD-918D-4462-B57F-EDE47146AF23}.Release|Any CPU.Build.0 = Release|Any CPU
		{C50258D4-B147-4DB9-A20B-71BDF2EEBECB}.Debug|Any CPU.ActiveCfg = Debug|Any CPU
		{C50258D4-B147-4DB9-A20B-71BDF2EEBECB}.Debug|Any CPU.Build.0 = Debug|Any CPU
		{C50258D4-B147-4DB9-A20B-71BDF2EEBECB}.Release|Any CPU.ActiveCfg = Release|Any CPU
		{C50258D4-B147-4DB9-A20B-71BDF2EEBECB}.Release|Any CPU.Build.0 = Release|Any CPU
		{B1B5C2FF-5F65-45EE-B766-50FE2DA166A9}.Debug|Any CPU.ActiveCfg = Debug|Any CPU
		{B1B5C2FF-5F65-45EE-B766-50FE2DA166A9}.Debug|Any CPU.Build.0 = Debug|Any CPU
		{B1B5C2FF-5F65-45EE-B766-50FE2DA166A9}.Release|Any CPU.ActiveCfg = Release|Any CPU
		{B1B5C2FF-5F65-45EE-B766-50FE2DA166A9}.Release|Any CPU.Build.0 = Release|Any CPU
	EndGlobalSection
	GlobalSection(SolutionProperties) = preSolution
		HideSolutionNode = FALSE
	EndGlobalSection
	GlobalSection(ExtensibilityGlobals) = postSolution
		SolutionGuid = {DB00FCD2-DC62-4D91-AE49-4C0646FEFC4B}
	EndGlobalSection
EndGlobal
